<?xml version="1.0" encoding="utf-8"?>
<Project ToolsVersion="4.0" xmlns="http://schemas.microsoft.com/developer/msbuild/2003">
  <ItemGroup>
    <Filter Include="源文件">
      <UniqueIdentifier>{4FC737F1-C7A5-4376-A066-2A32D752A2FF}</UniqueIdentifier>
      <Extensions>cpp;c;cc;cxx;def;odl;idl;hpj;bat;asm;asmx</Extensions>
    </Filter>
    <Filter Include="头文件">
      <UniqueIdentifier>{93995380-89BD-4b04-88EB-625FBE52EBFB}</UniqueIdentifier>
      <Extensions>h;hh;hpp;hxx;hm;inl;inc;ipp;xsd</Extensions>
    </Filter>
    <Filter Include="资源文件">
      <UniqueIdentifier>{67DA6AB6-F800-4c08-8B7A-83BB121AAD01}</UniqueIdentifier>
      <Extensions>rc;ico;cur;bmp;dlg;rc2;rct;bin;rgs;gif;jpg;jpeg;jpe;resx;tiff;tif;png;wav;mfcribbon-ms</Extensions>
    </Filter>
    <Filter Include="XML配置">
      <UniqueIdentifier>{add65ded-4570-4787-ae6f-5bfa171995fb}</UniqueIdentifier>
    </Filter>
    <Filter Include="进程相关">
      <UniqueIdentifier>{67cbb999-599f-42f7-a377-d7363d62231e}</UniqueIdentifier>
    </Filter>
    <Filter Include="日期时间相关">
      <UniqueIdentifier>{2129754a-d0a1-4c28-8330-427a40110b1b}</UniqueIdentifier>
    </Filter>
  </ItemGroup>
  <ItemGroup>
    <ClInclude Include="pch.h">
      <Filter>头文件</Filter>
    </ClInclude>
    <ClInclude Include="Configure.h">
      <Filter>XML配置</Filter>
    </ClInclude>
    <ClInclude Include="xml\pugiconfig.hpp">
      <Filter>XML配置</Filter>
    </ClInclude>
    <ClInclude Include="xml\pugixml.hpp">
      <Filter>XML配置</Filter>
    </ClInclude>
    <ClInclude Include="ProgressHelper.h">
      <Filter>进程相关</Filter>
    </ClInclude>
    <ClInclude Include="Tools.h">
      <Filter>头文件</Filter>
    </ClInclude>
    <ClInclude Include="pub.h">
      <Filter>头文件</Filter>
    </ClInclude>
    <ClInclude Include="DateFormatter.h">
      <Filter>日期时间相关</Filter>
    </ClInclude>
  </ItemGroup>
  <ItemGroup>
    <ClCompile Include="pch.cpp">
      <Filter>源文件</Filter>
    </ClCompile>
    <ClCompile Include="RestartOnCrashConsole.cpp">
      <Filter>源文件</Filter>
    </ClCompile>
    <ClCompile Include="Configure.cpp">
      <Filter>XML配置</Filter>
    </ClCompile>
  </ItemGroup>
</Project>